
Microsoft Visual Studio Solution File, Format Version 12.00
# Visual Studio Version 17
VisualStudioVersion = 17.13.35919.96 d17.13
MinimumVisualStudioVersion = 10.0.40219.1
Project("{FAE04EC0-301F-11D3-BF4B-00C04F79EFBC}") = "ASNFileProcessor", "ASNFileProcessor\ASNFileProcessor.csproj", "{C4AECE16-134B-43F4-9444-B93EC9D26A29}"
EndProject
Global
	GlobalSection(SolutionConfigurationPlatforms) = preSolution
		Debug|Any CPU = Debug|Any CPU
		Release|Any CPU = Release|Any CPU
	EndGlobalSection
	GlobalSection(ProjectConfigurationPlatforms) = postSolution
		{C4AECE16-134B-43F4-9444-B93EC9D26A29}.Debug|Any CPU.ActiveCfg = Debug|Any CPU
		{C4AECE16-134B-43F4-9444-B93EC9D26A29}.Debug|Any CPU.Build.0 = Debug|Any CPU
		{C4AECE16-134B-43F4-9444-B93EC9D26A29}.Release|Any CPU.ActiveCfg = Release|Any CPU
		{C4AECE16-134B-43F4-9444-B93EC9D26A29}.Release|Any CPU.Build.0 = Release|Any CPU
	EndGlobalSection
	GlobalSection(SolutionProperties) = preSolution
		HideSolutionNode = FALSE
	EndGlobalSection
	GlobalSection(ExtensibilityGlobals) = postSolution
		SolutionGuid = {CAFF47AE-39A2-4824-9D2B-CB6C6FC83F3A}
	EndGlobalSection
EndGlobal
